
Microsoft Visual Studio Solution File, Format Version 12.00
# Visual Studio Version 16
VisualStudioVersion = 16.0.29509.3
MinimumVisualStudioVersion = 10.0.40219.1
Project("{FAE04EC0-301F-11D3-BF4B-00C04F79EFBC}") = "MayaLauncher", "MayaLauncher\MayaLauncher.csproj", "{65E560C5-AED9-4BB8-9EC3-DB2E279D1C6A}"
EndProject
Global
	GlobalSection(SolutionConfigurationPlatforms) = preSolution
		Debug|Any CPU = Debug|Any CPU
		Release|Any CPU = Release|Any CPU
	EndGlobalSection
	GlobalSection(ProjectConfigurationPlatforms) = postSolution
		{65E560C5-AED9-4BB8-9EC3-DB2E279D1C6A}.Debug|Any CPU.ActiveCfg = Debug|Any CPU
		{65E560C5-AED9-4BB8-9EC3-DB2E279D1C6A}.Debug|Any CPU.Build.0 = Debug|Any CPU
		{65E560C5-AED9-4BB8-9EC3-DB2E279D1C6A}.Release|Any CPU.ActiveCfg = Release|Any CPU
		{65E560C5-AED9-4BB8-9EC3-DB2E279D1C6A}.Release|Any CPU.Build.0 = Release|Any CPU
	EndGlobalSection
	GlobalSection(SolutionProperties) = preSolution
		HideSolutionNode = FALSE
	EndGlobalSection
	GlobalSection(ExtensibilityGlobals) = postSolution
		SolutionGuid = {769ADC86-563E-43F8-A752-FF5D10CEB4FC}
	EndGlobalSection
EndGlobal
